
Microsoft Visual Studio Solution File, Format Version 12.00
# Visual Studio 15
VisualStudioVersion = 15.0.28307.1433
MinimumVisualStudioVersion = 10.0.40219.1
Project("{FC65038C-1B2F-41E1-A629-BED71D161FFF}") = "UnitTesting_Session1 (USR) [MBS_Unit_testing_Training]", "UnitTesting_Session1\UnitTesting_Session1.rnrproj", "{AFE664AB-BD79-4186-A24F-0234DF31DD1E}"
EndProject
Global
	GlobalSection(SolutionConfigurationPlatforms) = preSolution
		Debug|Any CPU = Debug|Any CPU
	EndGlobalSection
	GlobalSection(ProjectConfigurationPlatforms) = postSolution
		{AFE664AB-BD79-4186-A24F-0234DF31DD1E}.Debug|Any CPU.ActiveCfg = Debug|Any CPU
		{AFE664AB-BD79-4186-A24F-0234DF31DD1E}.Debug|Any CPU.Build.0 = Debug|Any CPU
	EndGlobalSection
	GlobalSection(SolutionProperties) = preSolution
		HideSolutionNode = FALSE
	EndGlobalSection
	GlobalSection(ExtensibilityGlobals) = postSolution
		SolutionGuid = {E5BDA140-BFA9-4DAE-AF17-3040652EB78C}
	EndGlobalSection
EndGlobal
